
Microsoft Visual Studio Solution File, Format Version 12.00
# Visual Studio Version 16
VisualStudioVersion = 16.0.31529.145
MinimumVisualStudioVersion = 10.0.40219.1
Project("{FAE04EC0-301F-11D3-BF4B-00C04F79EFBC}") = "Client_SQL", "Client_SQL\Client_SQL.csproj", "{B2226182-CF1A-48D3-9329-B28058E974F3}"
EndProject
Global
	GlobalSection(SolutionConfigurationPlatforms) = preSolution
		Debug|Any CPU = Debug|Any CPU
		Release|Any CPU = Release|Any CPU
	EndGlobalSection
	GlobalSection(ProjectConfigurationPlatforms) = postSolution
		{B2226182-CF1A-48D3-9329-B28058E974F3}.Debug|Any CPU.ActiveCfg = Debug|Any CPU
		{B2226182-CF1A-48D3-9329-B28058E974F3}.Debug|Any CPU.Build.0 = Debug|Any CPU
		{B2226182-CF1A-48D3-9329-B28058E974F3}.Release|Any CPU.ActiveCfg = Release|Any CPU
		{B2226182-CF1A-48D3-9329-B28058E974F3}.Release|Any CPU.Build.0 = Release|Any CPU
	EndGlobalSection
	GlobalSection(SolutionProperties) = preSolution
		HideSolutionNode = FALSE
	EndGlobalSection
	GlobalSection(ExtensibilityGlobals) = postSolution
		SolutionGuid = {7A86B918-6CC5-4BC8-A217-E30E7F09B31B}
	EndGlobalSection
EndGlobal
